
Microsoft Visual Studio Solution File, Format Version 12.00
# Visual Studio Version 17
VisualStudioVersion = 17.14.36603.0
MinimumVisualStudioVersion = 10.0.40219.1
Project("{FAE04EC0-301F-11D3-BF4B-00C04F79EFBC}") = "DVLD_System", "DVLD_System.csproj", "{E963B8D2-DDCF-4B84-B408-89D64235C49D}"
EndProject
Project("{FAE04EC0-301F-11D3-BF4B-00C04F79EFBC}") = "DVLD_Business", "..\DVLD_Business\DVLD_Business.csproj", "{31C65C46-2912-4C0A-ACAB-62FF23B7AE2E}"
EndProject
Project("{FAE04EC0-301F-11D3-BF4B-00C04F79EFBC}") = "DVLD_DataAccess", "..\DVLD_DataAccess\DVLD_DataAccess.csproj", "{6C1FFAB8-AD01-4CF1-9EDF-A9A30E8FFD91}"
EndProject
Global
	GlobalSection(SolutionConfigurationPlatforms) = preSolution
		Debug|Any CPU = Debug|Any CPU
		Release|Any CPU = Release|Any CPU
	EndGlobalSection
	GlobalSection(ProjectConfigurationPlatforms) = postSolution
		{E963B8D2-DDCF-4B84-B408-89D64235C49D}.Debug|Any CPU.ActiveCfg = Debug|Any CPU
		{E963B8D2-DDCF-4B84-B408-89D64235C49D}.Debug|Any CPU.Build.0 = Debug|Any CPU
		{E963B8D2-DDCF-4B84-B408-89D64235C49D}.Release|Any CPU.ActiveCfg = Release|Any CPU
		{E963B8D2-DDCF-4B84-B408-89D64235C49D}.Release|Any CPU.Build.0 = Release|Any CPU
		{31C65C46-2912-4C0A-ACAB-62FF23B7AE2E}.Debug|Any CPU.ActiveCfg = Debug|Any CPU
		{31C65C46-2912-4C0A-ACAB-62FF23B7AE2E}.Debug|Any CPU.Build.0 = Debug|Any CPU
		{31C65C46-2912-4C0A-ACAB-62FF23B7AE2E}.Release|Any CPU.ActiveCfg = Release|Any CPU
		{31C65C46-2912-4C0A-ACAB-62FF23B7AE2E}.Release|Any CPU.Build.0 = Release|Any CPU
		{6C1FFAB8-AD01-4CF1-9EDF-A9A30E8FFD91}.Debug|Any CPU.ActiveCfg = Debug|Any CPU
		{6C1FFAB8-AD01-4CF1-9EDF-A9A30E8FFD91}.Debug|Any CPU.Build.0 = Debug|Any CPU
		{6C1FFAB8-AD01-4CF1-9EDF-A9A30E8FFD91}.Release|Any CPU.ActiveCfg = Release|Any CPU
		{6C1FFAB8-AD01-4CF1-9EDF-A9A30E8FFD91}.Release|Any CPU.Build.0 = Release|Any CPU
	EndGlobalSection
	GlobalSection(SolutionProperties) = preSolution
		HideSolutionNode = FALSE
	EndGlobalSection
	GlobalSection(ExtensibilityGlobals) = postSolution
		SolutionGuid = {D4598D01-E1F9-4897-A6C0-3575189F548F}
	EndGlobalSection
EndGlobal
